
Microsoft Visual Studio Solution File, Format Version 12.00
# Visual Studio 15
VisualStudioVersion = 15.0.27130.2010
MinimumVisualStudioVersion = 10.0.40219.1
Project("{8BC9CEB8-8B4A-11D0-8D11-00A0C91BC942}") = "TS3Hook", "TS3Hook\TS3Hook.vcxproj", "{568E865A-1CFF-457E-823F-0239A23ED904}"
EndProject
Project("{FAE04EC0-301F-11D3-BF4B-00C04F79EFBC}") = "Injector", "Injektor\Injector.csproj", "{3C292C14-45B3-4AEF-B332-60FB8C022D8F}"
EndProject
Global
	GlobalSection(SolutionConfigurationPlatforms) = preSolution
		Debug|x64 = Debug|x64
		Debug|x86 = Debug|x86
		Release|x64 = Release|x64
		Release|x86 = Release|x86
	EndGlobalSection
	GlobalSection(ProjectConfigurationPlatforms) = postSolution
		{568E865A-1CFF-457E-823F-0239A23ED904}.Debug|x64.ActiveCfg = Debug|x64
		{568E865A-1CFF-457E-823F-0239A23ED904}.Debug|x64.Build.0 = Debug|x64
		{568E865A-1CFF-457E-823F-0239A23ED904}.Debug|x86.ActiveCfg = Debug|Win32
		{568E865A-1CFF-457E-823F-0239A23ED904}.Debug|x86.Build.0 = Debug|Win32
		{568E865A-1CFF-457E-823F-0239A23ED904}.Release|x64.ActiveCfg = Release|x64
		{568E865A-1CFF-457E-823F-0239A23ED904}.Release|x64.Build.0 = Release|x64
		{568E865A-1CFF-457E-823F-0239A23ED904}.Release|x86.ActiveCfg = Release|Win32
		{568E865A-1CFF-457E-823F-0239A23ED904}.Release|x86.Build.0 = Release|Win32
		{3C292C14-45B3-4AEF-B332-60FB8C022D8F}.Debug|x64.ActiveCfg = Debug|x64
		{3C292C14-45B3-4AEF-B332-60FB8C022D8F}.Debug|x64.Build.0 = Debug|x64
		{3C292C14-45B3-4AEF-B332-60FB8C022D8F}.Debug|x86.ActiveCfg = Debug|x86
		{3C292C14-45B3-4AEF-B332-60FB8C022D8F}.Debug|x86.Build.0 = Debug|x86
		{3C292C14-45B3-4AEF-B332-60FB8C022D8F}.Release|x64.ActiveCfg = Release|x64
		{3C292C14-45B3-4AEF-B332-60FB8C022D8F}.Release|x64.Build.0 = Release|x64
		{3C292C14-45B3-4AEF-B332-60FB8C022D8F}.Release|x86.ActiveCfg = Release|x86
		{3C292C14-45B3-4AEF-B332-60FB8C022D8F}.Release|x86.Build.0 = Release|x86
	EndGlobalSection
	GlobalSection(SolutionProperties) = preSolution
		HideSolutionNode = FALSE
	EndGlobalSection
	GlobalSection(ExtensibilityGlobals) = postSolution
		SolutionGuid = {11F2A761-C310-4A72-B76A-7662D416E6C1}
	EndGlobalSection
EndGlobal
